{
  "version": 4,
  "terraform_version": "0.12.24",
  "serial": 28,
  "lineage": "bc518c02-fe3d-917e-114a-b003bec4041c",
  "outputs": {},
  "resources": [
    {
      "mode": "data",
      "type": "kubernetes_namespace",
      "name": "it",
      "provider": "provider.kubernetes",
      "instances": [
        {
          "schema_version": 0,
          "attributes": {
            "id": "it",
            "metadata": [
              {
                "annotations": {},
                "generation": 0,
                "labels": {},
                "name": "it",
                "resource_version": "1955589",
                "self_link": "/api/v1/namespaces/it",
                "uid": "3524a033-7d09-4696-9f7a-fddfa0a15a52"
              }
            ],
            "spec": [
              {
                "finalizers": [
                  "kubernetes"
                ]
              }
            ]
          }
        }
      ]
    },
    {
      "mode": "managed",
      "type": "kubernetes_cron_job",
      "name": "gam_vault_export_collector",
      "provider": "provider.kubernetes",
      "instances": [
        {
          "schema_version": 0,
          "attributes": {
            "id": "it/gam-vault-export-collector",
            "metadata": [
              {
                "annotations": null,
                "generate_name": "",
                "generation": 0,
                "labels": null,
                "name": "gam-vault-export-collector",
                "namespace": "it",
                "resource_version": "1959077",
                "self_link": "/apis/batch/v1beta1/namespaces/it/cronjobs/gam-vault-export-collector",
                "uid": "6657ac5c-f812-4196-8e79-debba0d404a1"
              }
            ],
            "spec": [
              {
                "concurrency_policy": "Forbid",
                "failed_jobs_history_limit": 5,
                "job_template": [
                  {
                    "metadata": [
                      {
                        "annotations": null,
                        "generate_name": "",
                        "generation": 0,
                        "labels": null,
                        "name": "gam-vault-export-collector",
                        "resource_version": "",
                        "self_link": "",
                        "uid": ""
                      }
                    ],
                    "spec": [
                      {
                        "active_deadline_seconds": 0,
                        "backoff_limit": 2,
                        "completions": 1,
                        "manual_selector": false,
                        "parallelism": 1,
                        "selector": [],
                        "template": [
                          {
                            "metadata": [
                              {
                                "annotations": null,
                                "generate_name": "",
                                "generation": 0,
                                "labels": null,
                                "name": "",
                                "resource_version": "",
                                "self_link": "",
                                "uid": ""
                              }
                            ],
                            "spec": [
                              {
                                "active_deadline_seconds": 0,
                                "affinity": [],
                                "automount_service_account_token": false,
                                "container": [
                                  {
                                    "args": [
                                      "sleep",
                                      "1m"
                                    ],
                                    "command": null,
                                    "env": [],
                                    "env_from": [],
                                    "image": "gamadcronjob:test",
                                    "image_pull_policy": "IfNotPresent",
                                    "lifecycle": [],
                                    "liveness_probe": [],
                                    "name": "gam-pod",
                                    "port": [],
                                    "readiness_probe": [],
                                    "resources": [
                                      {
                                        "limits": null,
                                        "requests": null
                                      }
                                    ],
                                    "security_context": [],
                                    "startup_probe": [],
                                    "stdin": false,
                                    "stdin_once": false,
                                    "termination_message_path": "/dev/termination-log",
                                    "tty": false,
                                    "volume_mount": [
                                      {
                                        "mount_path": "/credentials",
                                        "mount_propagation": "None",
                                        "name": "credentials",
                                        "read_only": false,
                                        "sub_path": ""
                                      }
                                    ],
                                    "working_dir": ""
                                  }
                                ],
                                "dns_config": [],
                                "dns_policy": "ClusterFirst",
                                "host_aliases": [],
                                "host_ipc": false,
                                "host_network": false,
                                "host_pid": false,
                                "hostname": "",
                                "image_pull_secrets": [],
                                "init_container": [],
                                "node_name": "",
                                "node_selector": null,
                                "priority_class_name": "",
                                "restart_policy": "OnFailure",
                                "security_context": [],
                                "service_account_name": "",
                                "share_process_namespace": false,
                                "subdomain": "",
                                "termination_grace_period_seconds": 30,
                                "toleration": [],
                                "volume": [
                                  {
                                    "aws_elastic_block_store": [],
                                    "azure_disk": [],
                                    "azure_file": [],
                                    "ceph_fs": [],
                                    "cinder": [],
                                    "config_map": [],
                                    "downward_api": [],
                                    "empty_dir": [],
                                    "fc": [],
                                    "flex_volume": [],
                                    "flocker": [],
                                    "gce_persistent_disk": [],
                                    "git_repo": [],
                                    "glusterfs": [],
                                    "host_path": [],
                                    "iscsi": [],
                                    "local": [],
                                    "name": "credentials",
                                    "nfs": [],
                                    "persistent_volume_claim": [],
                                    "photon_persistent_disk": [],
                                    "quobyte": [],
                                    "rbd": [],
                                    "secret": [
                                      {
                                        "default_mode": "0644",
                                        "items": [],
                                        "optional": false,
                                        "secret_name": "gamad-credentials"
                                      }
                                    ],
                                    "vsphere_volume": []
                                  }
                                ]
                              }
                            ]
                          }
                        ],
                        "ttl_seconds_after_finished": 0
                      }
                    ]
                  }
                ],
                "schedule": "*/3 * * * *",
                "starting_deadline_seconds": 10,
                "successful_jobs_history_limit": 10,
                "suspend": false
              }
            ],
            "timeouts": null
          },
          "private": "eyJlMmJmYjczMC1lY2FhLTExZTYtOGY4OC0zNDM2M2JjN2M0YzAiOnsiZGVsZXRlIjo2MDAwMDAwMDAwMH19",
          "dependencies": [
            "random_integer.this"
          ]
        }
      ]
    },
    {
      "mode": "managed",
      "type": "random_integer",
      "name": "this",
      "provider": "provider.random",
      "instances": [
        {
          "schema_version": 0,
          "attributes": {
            "id": "1",
            "keepers": null,
            "max": 10,
            "min": 1,
            "result": 1,
            "seed": null
          },
          "private": "bnVsbA=="
        }
      ]
    }
  ]
}
